
Microsoft Visual Studio Solution File, Format Version 12.00
# Visual Studio Version 17
VisualStudioVersion = 17.8.34525.116
MinimumVisualStudioVersion = 10.0.40219.1
Project("{FAE04EC0-301F-11D3-BF4B-00C04F79EFBC}") = "3 курс 2 задание", "3 курс 2 задание\3 курс 2 задание.csproj", "{9FD3819D-CC4E-4AE9-B806-1391386E0F39}"
EndProject
Global
	GlobalSection(SolutionConfigurationPlatforms) = preSolution
		Debug|Any CPU = Debug|Any CPU
		Release|Any CPU = Release|Any CPU
	EndGlobalSection
	GlobalSection(ProjectConfigurationPlatforms) = postSolution
		{9FD3819D-CC4E-4AE9-B806-1391386E0F39}.Debug|Any CPU.ActiveCfg = Debug|Any CPU
		{9FD3819D-CC4E-4AE9-B806-1391386E0F39}.Debug|Any CPU.Build.0 = Debug|Any CPU
		{9FD3819D-CC4E-4AE9-B806-1391386E0F39}.Release|Any CPU.ActiveCfg = Release|Any CPU
		{9FD3819D-CC4E-4AE9-B806-1391386E0F39}.Release|Any CPU.Build.0 = Release|Any CPU
	EndGlobalSection
	GlobalSection(SolutionProperties) = preSolution
		HideSolutionNode = FALSE
	EndGlobalSection
	GlobalSection(ExtensibilityGlobals) = postSolution
		SolutionGuid = {28443858-A3FC-4743-B3CF-89C8401D3F8D}
	EndGlobalSection
EndGlobal
